
Microsoft Visual Studio Solution File, Format Version 12.00
# Visual Studio 2013
VisualStudioVersion = 12.0.31101.0
MinimumVisualStudioVersion = 10.0.40219.1
Project("{FAE04EC0-301F-11D3-BF4B-00C04F79EFBC}") = "AnyApp", "AnyApp.csproj", "{4672F50D-694B-478B-84CA-4506EE68C9EA}"
EndProject
Global
	GlobalSection(SolutionConfigurationPlatforms) = preSolution
		Debug|Any CPU = Debug|Any CPU
		Release|Any CPU = Release|Any CPU
	EndGlobalSection
	GlobalSection(ProjectConfigurationPlatforms) = postSolution
		{4672F50D-694B-478B-84CA-4506EE68C9EA}.Debug|Any CPU.ActiveCfg = Debug|Any CPU
		{4672F50D-694B-478B-84CA-4506EE68C9EA}.Debug|Any CPU.Build.0 = Debug|Any CPU
		{4672F50D-694B-478B-84CA-4506EE68C9EA}.Release|Any CPU.ActiveCfg = Release|Any CPU
		{4672F50D-694B-478B-84CA-4506EE68C9EA}.Release|Any CPU.Build.0 = Release|Any CPU
	EndGlobalSection
	GlobalSection(SolutionProperties) = preSolution
		HideSolutionNode = FALSE
	EndGlobalSection
EndGlobal
